// !$*UTF8*$!
{
	archiveVersion = 1;
	classes = {
	};
	objectVersion = 55;
	objects = {

/* Begin PBXBuildFile section */
		CD408E5E27DC74CF007AD2B7 /* main.m in Sources */ = {isa = PBXBuildFile; fileRef = CD408E5D27DC74CF007AD2B7 /* main.m */; };
		CD408E6627DC7520007AD2B7 /* BNRTStockHolding.m in Sources */ = {isa = PBXBuildFile; fileRef = CD408E6527DC7520007AD2B7 /* BNRTStockHolding.m */; };
		CD408E6927DC7545007AD2B7 /* BNRForeignStockHolding.m in Sources */ = {isa = PBXBuildFile; fileRef = CD408E6827DC7545007AD2B7 /* BNRForeignStockHolding.m */; };
/* End PBXBuildFile section */

/* Begin PBXCopyFilesBuildPhase section */
		CD408E5827DC74CF007AD2B7 /* CopyFiles */ = {
			isa = PBXCopyFilesBuildPhase;
			buildActionMask = 2147483647;
			dstPath = /usr/share/man/man1/;
			dstSubfolderSpec = 0;
			files = (
			);
			runOnlyForDeploymentPostprocessing = 1;
		};
/* End PBXCopyFilesBuildPhase section */

/* Begin PBXFileReference section */
		CD408E5A27DC74CF007AD2B7 /* ch2-Homework */ = {isa = PBXFileReference; explicitFileType = "compiled.mach-o.executable"; includeInIndex = 0; path = "ch2-Homework"; sourceTree = BUILT_PRODUCTS_DIR; };
		CD408E5D27DC74CF007AD2B7 /* main.m */ = {isa = PBXFileReference; lastKnownFileType = sourcecode.c.objc; path = main.m; sourceTree = "<group>"; };
		CD408E6427DC7520007AD2B7 /* BNRTStockHolding.h */ = {isa = PBXFileReference; lastKnownFileType = sourcecode.c.h; name = BNRTStockHolding.h; path = "ch2-Homework/BNRTStockHolding.h"; sourceTree = "<group>"; };
		CD408E6527DC7520007AD2B7 /* BNRTStockHolding.m */ = {isa = PBXFileReference; lastKnownFileType = sourcecode.c.objc; name = BNRTStockHolding.m; path = "ch2-Homework/BNRTStockHolding.m"; sourceTree = "<group>"; };
		CD408E6727DC7545007AD2B7 /* BNRForeignStockHolding.h */ = {isa = PBXFileReference; lastKnownFileType = sourcecode.c.h; name = BNRForeignStockHolding.h; path = "ch2-Homework/BNRForeignStockHolding.h"; sourceTree = "<group>"; };
		CD408E6827DC7545007AD2B7 /* BNRForeignStockHolding.m */ = {isa = PBXFileReference; lastKnownFileType = sourcecode.c.objc; name = BNRForeignStockHolding.m; path = "ch2-Homework/BNRForeignStockHolding.m"; sourceTree = "<group>"; };
/* End PBXFileReference section */

/* Begin PBXFrameworksBuildPhase section */
		CD408E5727DC74CF007AD2B7 /* Frameworks */ = {
			isa = PBXFrameworksBuildPhase;
			buildActionMask = 2147483647;
			files = (
			);
			runOnlyForDeploymentPostprocessing = 0;
		};
/* End PBXFrameworksBuildPhase section */

/* Begin PBXGroup section */
		CD408E5127DC74CF007AD2B7 = {
			isa = PBXGroup;
			children = (
				CD408E6727DC7545007AD2B7 /* BNRForeignStockHolding.h */,
				CD408E6827DC7545007AD2B7 /* BNRForeignStockHolding.m */,
				CD408E6427DC7520007AD2B7 /* BNRTStockHolding.h */,
				CD408E6527DC7520007AD2B7 /* BNRTStockHolding.m */,
				CD408E5C27DC74CF007AD2B7 /* ch2-Homework */,
				CD408E5B27DC74CF007AD2B7 /* Products */,
			);
			sourceTree = "<group>";
		};
		CD408E5B27DC74CF007AD2B7 /* Products */ = {
			isa = PBXGroup;
			children = (
				CD408E5A27DC74CF007AD2B7 /* ch2-Homework */,
			);
			name = Products;
			sourceTree = "<group>";
		};
		CD408E5C27DC74CF007AD2B7 /* ch2-Homework */ = {
			isa = PBXGroup;
			children = (
				CD408E5D27DC74CF007AD2B7 /* main.m */,
			);
			path = "ch2-Homework";
			sourceTree = "<group>";
		};
/* End PBXGroup section */

/* Begin PBXNativeTarget section */
		CD408E5927DC74CF007AD2B7 /* ch2-Homework */ = {
			isa = PBXNativeTarget;
			buildConfigurationList = CD408E6127DC74CF007AD2B7 /* Build configuration list for PBXNativeTarget "ch2-Homework" */;
			buildPhases = (
				CD408E5627DC74CF007AD2B7 /* Sources */,
				CD408E5727DC74CF007AD2B7 /* Frameworks */,
				CD408E5827DC74CF007AD2B7 /* CopyFiles */,
			);
			buildRules = (
			);
			dependencies = (
			);
			name = "ch2-Homework";
			productName = "ch2-Homework";
			productReference = CD408E5A27DC74CF007AD2B7 /* ch2-Homework */;
			productType = "com.apple.product-type.tool";
		};
/* End PBXNativeTarget section */

/* Begin PBXProject section */
		CD408E5227DC74CF007AD2B7 /* Project object */ = {
			isa = PBXProject;
			attributes = {
				BuildIndependentTargetsInParallel = 1;
				LastUpgradeCheck = 1320;
				TargetAttributes = {
					CD408E5927DC74CF007AD2B7 = {
						CreatedOnToolsVersion = 13.2.1;
					};
				};
			};
			buildConfigurationList = CD408E5527DC74CF007AD2B7 /* Build configuration list for PBXProject "ch2-Homework" */;
			compatibilityVersion = "Xcode 13.0";
			developmentRegion = en;
			hasScannedForEncodings = 0;
			knownRegions = (
				en,
				Base,
			);
			mainGroup = CD408E5127DC74CF007AD2B7;
			productRefGroup = CD408E5B27DC74CF007AD2B7 /* Products */;
			projectDirPath = "";
			projectRoot = "";
			targets = (
				CD408E5927DC74CF007AD2B7 /* ch2-Homework */,
			);
		};
/* End PBXProject section */

/* Begin PBXSourcesBuildPhase section */
		CD408E5627DC74CF007AD2B7 /* Sources */ = {
			isa = PBXSourcesBuildPhase;
			buildActionMask = 2147483647;
			files = (
				CD408E6927DC7545007AD2B7 /* BNRForeignStockHolding.m in Sources */,
				CD408E6627DC7520007AD2B7 /* BNRTStockHolding.m in Sources */,
				CD408E5E27DC74CF007AD2B7 /* main.m in Sources */,
			);
			runOnlyForDeploymentPostprocessing = 0;
		};
/* End PBXSourcesBuildPhase section */

/* Begin XCBuildConfiguration section */
		CD408E5F27DC74CF007AD2B7 /* Debug */ = {
			isa = XCBuildConfiguration;
			buildSettings = {
				ALWAYS_SEARCH_USER_PATHS = NO;
				CLANG_ANALYZER_NONNULL = YES;
				CLANG_ANALYZER_NUMBER_OBJECT_CONVERSION = YES_AGGRESSIVE;
				CLANG_CXX_LANGUAGE_STANDARD = "gnu++17";
				CLANG_CXX_LIBRARY = "libc++";
				CLANG_ENABLE_MODULES = YES;
				CLANG_ENABLE_OBJC_ARC = YES;
				CLANG_ENABLE_OBJC_WEAK = YES;
				CLANG_WARN_BLOCK_CAPTURE_AUTORELEASING = YES;
				CLANG_WARN_BOOL_CONVERSION = YES;
				CLANG_WARN_COMMA = YES;
				CLANG_WARN_CONSTANT_CONVERSION = YES;
				CLANG_WARN_DEPRECATED_OBJC_IMPLEMENTATIONS = YES;
				CLANG_WARN_DIRECT_OBJC_ISA_USAGE = YES_ERROR;
				CLANG_WARN_DOCUMENTATION_COMMENTS = YES;
				CLANG_WARN_EMPTY_BODY = YES;
				CLANG_WARN_ENUM_CONVERSION = YES;
				CLANG_WARN_INFINITE_RECURSION = YES;
				CLANG_WARN_INT_CONVERSION = YES;
				CLANG_WARN_NON_LITERAL_NULL_CONVERSION = YES;
				CLANG_WARN_OBJC_IMPLICIT_RETAIN_SELF = YES;
				CLANG_WARN_OBJC_LITERAL_CONVERSION = YES;
				CLANG_WARN_OBJC_ROOT_CLASS = YES_ERROR;
				CLANG_WARN_QUOTED_INCLUDE_IN_FRAMEWORK_HEADER = YES;
				CLANG_WARN_RANGE_LOOP_ANALYSIS = YES;
				CLANG_WARN_STRICT_PROTOTYPES = YES;
				CLANG_WARN_SUSPICIOUS_MOVE = YES;
				CLANG_WARN_UNGUARDED_AVAILABILITY = YES_AGGRESSIVE;
				CLANG_WARN_UNREACHABLE_CODE = YES;
				CLANG_WARN__DUPLICATE_METHOD_MATCH = YES;
				COPY_PHASE_STRIP = NO;
				DEBUG_INFORMATION_FORMAT = dwarf;
				ENABLE_STRICT_OBJC_MSGSEND = YES;
				ENABLE_TESTABILITY = YES;
				GCC_C_LANGUAGE_STANDARD = gnu11;
				GCC_DYNAMIC_NO_PIC = NO;
				GCC_NO_COMMON_BLOCKS = YES;
				GCC_OPTIMIZATION_LEVEL = 0;
				GCC_PREPROCESSOR_DEFINITIONS = (
					"DEBUG=1",
					"$(inherited)",
				);
				GCC_WARN_64_TO_32_BIT_CONVERSION = YES;
				GCC_WARN_ABOUT_RETURN_TYPE = YES_ERROR;
				GCC_WARN_UNDECLARED_SELECTOR = YES;
				GCC_WARN_UNINITIALIZED_AUTOS = YES_AGGRESSIVE;
				GCC_WARN_UNUSED_FUNCTION = YES;
				GCC_WARN_UNUSED_VARIABLE = YES;
				MACOSX_DEPLOYMENT_TARGET = 12.1;
				MTL_ENABLE_DEBUG_INFO = INCLUDE_SOURCE;
				MTL_FAST_MATH = YES;
				ONLY_ACTIVE_ARCH = YES;
				SDKROOT = macosx;
			};
			name = Debug;
		};
		CD408E6027DC74CF007AD2B7 /* Release */ = {
			isa = XCBuildConfiguration;
			buildSettings = {
				ALWAYS_SEARCH_USER_PATHS = NO;
				CLANG_ANALYZER_NONNULL = YES;
				CLANG_ANALYZER_NUMBER_OBJECT_CONVERSION = YES_AGGRESSIVE;
				CLANG_CXX_LANGUAGE_STANDARD = "gnu++17";
				CLANG_CXX_LIBRARY = "libc++";
				CLANG_ENABLE_MODULES = YES;
				CLANG_ENABLE_OBJC_ARC = YES;
				CLANG_ENABLE_OBJC_WEAK = YES;
				CLANG_WARN_BLOCK_CAPTURE_AUTORELEASING = YES;
				CLANG_WARN_BOOL_CONVERSION = YES;
				CLANG_WARN_COMMA = YES;
				CLANG_WARN_CONSTANT_CONVERSION = YES;
				CLANG_WARN_DEPRECATED_OBJC_IMPLEMENTATIONS = YES;
				CLANG_WARN_DIRECT_OBJC_ISA_USAGE = YES_ERROR;
				CLANG_WARN_DOCUMENTATION_COMMENTS = YES;
				CLANG_WARN_EMPTY_BODY = YES;
				CLANG_WARN_ENUM_CONVERSION = YES;
				CLANG_WARN_INFINITE_RECURSION = YES;
				CLANG_WARN_INT_CONVERSION = YES;
				CLANG_WARN_NON_LITERAL_NULL_CONVERSION = YES;
				CLANG_WARN_OBJC_IMPLICIT_RETAIN_SELF = YES;
				CLANG_WARN_OBJC_LITERAL_CONVERSION = YES;
				CLANG_WARN_OBJC_ROOT_CLASS = YES_ERROR;
				CLANG_WARN_QUOTED_INCLUDE_IN_FRAMEWORK_HEADER = YES;
				CLANG_WARN_RANGE_LOOP_ANALYSIS = YES;
				CLANG_WARN_STRICT_PROTOTYPES = YES;
				CLANG_WARN_SUSPICIOUS_MOVE = YES;
				CLANG_WARN_UNGUARDED_AVAILABILITY = YES_AGGRESSIVE;
				CLANG_WARN_UNREACHABLE_CODE = YES;
				CLANG_WARN__DUPLICATE_METHOD_MATCH = YES;
				COPY_PHASE_STRIP = NO;
				DEBUG_INFORMATION_FORMAT = "dwarf-with-dsym";
				ENABLE_NS_ASSERTIONS = NO;
				ENABLE_STRICT_OBJC_MSGSEND = YES;
				GCC_C_LANGUAGE_STANDARD = gnu11;
				GCC_NO_COMMON_BLOCKS = YES;
				GCC_WARN_64_TO_32_BIT_CONVERSION = YES;
				GCC_WARN_ABOUT_RETURN_TYPE = YES_ERROR;
				GCC_WARN_UNDECLARED_SELECTOR = YES;
				GCC_WARN_UNINITIALIZED_AUTOS = YES_AGGRESSIVE;
				GCC_WARN_UNUSED_FUNCTION = YES;
				GCC_WARN_UNUSED_VARIABLE = YES;
				MACOSX_DEPLOYMENT_TARGET = 12.1;
				MTL_ENABLE_DEBUG_INFO = NO;
				MTL_FAST_MATH = YES;
				SDKROOT = macosx;
			};
			name = Release;
		};
		CD408E6227DC74CF007AD2B7 /* Debug */ = {
			isa = XCBuildConfiguration;
			buildSettings = {
				CODE_SIGN_STYLE = Automatic;
				PRODUCT_NAME = "$(TARGET_NAME)";
			};
			name = Debug;
		};
		CD408E6327DC74CF007AD2B7 /* Release */ = {
			isa = XCBuildConfiguration;
			buildSettings = {
				CODE_SIGN_STYLE = Automatic;
				PRODUCT_NAME = "$(TARGET_NAME)";
			};
			name = Release;
		};
/* End XCBuildConfiguration section */

/* Begin XCConfigurationList section */
		CD408E5527DC74CF007AD2B7 /* Build configuration list for PBXProject "ch2-Homework" */ = {
			isa = XCConfigurationList;
			buildConfigurations = (
				CD408E5F27DC74CF007AD2B7 /* Debug */,
				CD408E6027DC74CF007AD2B7 /* Release */,
			);
			defaultConfigurationIsVisible = 0;
			defaultConfigurationName = Release;
		};
		CD408E6127DC74CF007AD2B7 /* Build configuration list for PBXNativeTarget "ch2-Homework" */ = {
			isa = XCConfigurationList;
			buildConfigurations = (
				CD408E6227DC74CF007AD2B7 /* Debug */,
				CD408E6327DC74CF007AD2B7 /* Release */,
			);
			defaultConfigurationIsVisible = 0;
			defaultConfigurationName = Release;
		};
/* End XCConfigurationList section */
	};
	rootObject = CD408E5227DC74CF007AD2B7 /* Project object */;
}
